// !$*UTF8*$!
{
	archiveVersion = 1;
	classes = {
	};
	objectVersion = 56;
	objects = {

/* Begin PBXBuildFile section */
		75A30E922BDACD1900B13F6E /* Assets.xcassets in Resources */ = {isa = PBXBuildFile; fileRef = 75A30E912BDACD1900B13F6E /* Assets.xcassets */; };
		75A30E952BDACD1900B13F6E /* Preview Assets.xcassets in Resources */ = {isa = PBXBuildFile; fileRef = 75A30E942BDACD1900B13F6E /* Preview Assets.xcassets */; };
		75A30E9F2BDACD1900B13F6E /* LoopTests.swift in Sources */ = {isa = PBXBuildFile; fileRef = 75A30E9E2BDACD1900B13F6E /* LoopTests.swift */; };
		75A30EA92BDACD1900B13F6E /* LoopUITests.swift in Sources */ = {isa = PBXBuildFile; fileRef = 75A30EA82BDACD1900B13F6E /* LoopUITests.swift */; };
		75A30EAB2BDACD1900B13F6E /* LoopUITestsLaunchTests.swift in Sources */ = {isa = PBXBuildFile; fileRef = 75A30EAA2BDACD1900B13F6E /* LoopUITestsLaunchTests.swift */; };
		75A30EC22BDACD9100B13F6E /* AlertHandler.swift in Sources */ = {isa = PBXBuildFile; fileRef = 75A30EB72BDACD9100B13F6E /* AlertHandler.swift */; };
		75A30EC32BDACD9100B13F6E /* EnumPicker.swift in Sources */ = {isa = PBXBuildFile; fileRef = 75A30EB82BDACD9100B13F6E /* EnumPicker.swift */; };
		75A30EC42BDACD9100B13F6E /* LabeledTextEditor.swift in Sources */ = {isa = PBXBuildFile; fileRef = 75A30EB92BDACD9100B13F6E /* LabeledTextEditor.swift */; };
		75A30EC52BDACD9100B13F6E /* LabeledTextField.swift in Sources */ = {isa = PBXBuildFile; fileRef = 75A30EBA2BDACD9100B13F6E /* LabeledTextField.swift */; };
		75A30EC62BDACD9100B13F6E /* ContentView.swift in Sources */ = {isa = PBXBuildFile; fileRef = 75A30EBC2BDACD9100B13F6E /* ContentView.swift */; };
		75A30EC72BDACD9100B13F6E /* EditTaskView.swift in Sources */ = {isa = PBXBuildFile; fileRef = 75A30EBD2BDACD9100B13F6E /* EditTaskView.swift */; };
		75A30EC82BDACD9100B13F6E /* GroupGridView.swift in Sources */ = {isa = PBXBuildFile; fileRef = 75A30EBE2BDACD9100B13F6E /* GroupGridView.swift */; };
		75A30EC92BDACD9100B13F6E /* TaskListView.swift in Sources */ = {isa = PBXBuildFile; fileRef = 75A30EBF2BDACD9100B13F6E /* TaskListView.swift */; };
		75A30ECA2BDACD9100B13F6E /* TaskView.swift in Sources */ = {isa = PBXBuildFile; fileRef = 75A30EC02BDACD9100B13F6E /* TaskView.swift */; };
		75A30ECC2BDACD9700B13F6E /* LoopApp.swift in Sources */ = {isa = PBXBuildFile; fileRef = 75A30ECB2BDACD9700B13F6E /* LoopApp.swift */; };
		75A30ECE2BDACD9F00B13F6E /* MockData.swift in Sources */ = {isa = PBXBuildFile; fileRef = 75A30ECD2BDACD9F00B13F6E /* MockData.swift */; };
		75A30ED12BDACDB200B13F6E /* NotificationManager.swift in Sources */ = {isa = PBXBuildFile; fileRef = 75A30ECF2BDACDB200B13F6E /* NotificationManager.swift */; };
		75A30ED22BDACDB200B13F6E /* NavigationPathHandler.swift in Sources */ = {isa = PBXBuildFile; fileRef = 75A30ED02BDACDB200B13F6E /* NavigationPathHandler.swift */; };
		75A30EDB2BDACDC000B13F6E /* Enums.swift in Sources */ = {isa = PBXBuildFile; fileRef = 75A30ED32BDACDC000B13F6E /* Enums.swift */; };
		75A30EDC2BDACDC000B13F6E /* Group.swift in Sources */ = {isa = PBXBuildFile; fileRef = 75A30ED42BDACDC000B13F6E /* Group.swift */; };
		75A30EDD2BDACDC000B13F6E /* Loop.swift in Sources */ = {isa = PBXBuildFile; fileRef = 75A30ED52BDACDC000B13F6E /* Loop.swift */; };
		75A30EDE2BDACDC000B13F6E /* LoopData.swift in Sources */ = {isa = PBXBuildFile; fileRef = 75A30ED62BDACDC000B13F6E /* LoopData.swift */; };
		75A30EDF2BDACDC000B13F6E /* Measurement.swift in Sources */ = {isa = PBXBuildFile; fileRef = 75A30ED72BDACDC000B13F6E /* Measurement.swift */; };
		75A30EE02BDACDC000B13F6E /* Tag.swift in Sources */ = {isa = PBXBuildFile; fileRef = 75A30ED82BDACDC000B13F6E /* Tag.swift */; };
		75A30EE12BDACDC000B13F6E /* Task.swift in Sources */ = {isa = PBXBuildFile; fileRef = 75A30ED92BDACDC000B13F6E /* Task.swift */; };
		75A30EE32BDB01A100B13F6E /* EditLoopView.swift in Sources */ = {isa = PBXBuildFile; fileRef = 75A30EE22BDB01A100B13F6E /* EditLoopView.swift */; };
		75A30EE52BDB0D9300B13F6E /* EditMeasurementView.swift in Sources */ = {isa = PBXBuildFile; fileRef = 75A30EE42BDB0D9300B13F6E /* EditMeasurementView.swift */; };
/* End PBXBuildFile section */

/* Begin PBXContainerItemProxy section */
		75A30E9B2BDACD1900B13F6E /* PBXContainerItemProxy */ = {
			isa = PBXContainerItemProxy;
			containerPortal = 75A30E802BDACD1800B13F6E /* Project object */;
			proxyType = 1;
			remoteGlobalIDString = 75A30E872BDACD1800B13F6E;
			remoteInfo = Loop;
		};
		75A30EA52BDACD1900B13F6E /* PBXContainerItemProxy */ = {
			isa = PBXContainerItemProxy;
			containerPortal = 75A30E802BDACD1800B13F6E /* Project object */;
			proxyType = 1;
			remoteGlobalIDString = 75A30E872BDACD1800B13F6E;
			remoteInfo = Loop;
		};
/* End PBXContainerItemProxy section */

/* Begin PBXFileReference section */
		75A30E882BDACD1800B13F6E /* Loop.app */ = {isa = PBXFileReference; explicitFileType = wrapper.application; includeInIndex = 0; path = Loop.app; sourceTree = BUILT_PRODUCTS_DIR; };
		75A30E912BDACD1900B13F6E /* Assets.xcassets */ = {isa = PBXFileReference; lastKnownFileType = folder.assetcatalog; path = Assets.xcassets; sourceTree = "<group>"; };
		75A30E942BDACD1900B13F6E /* Preview Assets.xcassets */ = {isa = PBXFileReference; lastKnownFileType = folder.assetcatalog; path = "Preview Assets.xcassets"; sourceTree = "<group>"; };
		75A30E9A2BDACD1900B13F6E /* LoopTests.xctest */ = {isa = PBXFileReference; explicitFileType = wrapper.cfbundle; includeInIndex = 0; path = LoopTests.xctest; sourceTree = BUILT_PRODUCTS_DIR; };
		75A30E9E2BDACD1900B13F6E /* LoopTests.swift */ = {isa = PBXFileReference; lastKnownFileType = sourcecode.swift; path = LoopTests.swift; sourceTree = "<group>"; };
		75A30EA42BDACD1900B13F6E /* LoopUITests.xctest */ = {isa = PBXFileReference; explicitFileType = wrapper.cfbundle; includeInIndex = 0; path = LoopUITests.xctest; sourceTree = BUILT_PRODUCTS_DIR; };
		75A30EA82BDACD1900B13F6E /* LoopUITests.swift */ = {isa = PBXFileReference; lastKnownFileType = sourcecode.swift; path = LoopUITests.swift; sourceTree = "<group>"; };
		75A30EAA2BDACD1900B13F6E /* LoopUITestsLaunchTests.swift */ = {isa = PBXFileReference; lastKnownFileType = sourcecode.swift; path = LoopUITestsLaunchTests.swift; sourceTree = "<group>"; };
		75A30EB72BDACD9100B13F6E /* AlertHandler.swift */ = {isa = PBXFileReference; fileEncoding = 4; lastKnownFileType = sourcecode.swift; path = AlertHandler.swift; sourceTree = "<group>"; };
		75A30EB82BDACD9100B13F6E /* EnumPicker.swift */ = {isa = PBXFileReference; fileEncoding = 4; lastKnownFileType = sourcecode.swift; path = EnumPicker.swift; sourceTree = "<group>"; };
		75A30EB92BDACD9100B13F6E /* LabeledTextEditor.swift */ = {isa = PBXFileReference; fileEncoding = 4; lastKnownFileType = sourcecode.swift; path = LabeledTextEditor.swift; sourceTree = "<group>"; };
		75A30EBA2BDACD9100B13F6E /* LabeledTextField.swift */ = {isa = PBXFileReference; fileEncoding = 4; lastKnownFileType = sourcecode.swift; path = LabeledTextField.swift; sourceTree = "<group>"; };
		75A30EBC2BDACD9100B13F6E /* ContentView.swift */ = {isa = PBXFileReference; fileEncoding = 4; lastKnownFileType = sourcecode.swift; path = ContentView.swift; sourceTree = "<group>"; };
		75A30EBD2BDACD9100B13F6E /* EditTaskView.swift */ = {isa = PBXFileReference; fileEncoding = 4; lastKnownFileType = sourcecode.swift; path = EditTaskView.swift; sourceTree = "<group>"; };
		75A30EBE2BDACD9100B13F6E /* GroupGridView.swift */ = {isa = PBXFileReference; fileEncoding = 4; lastKnownFileType = sourcecode.swift; path = GroupGridView.swift; sourceTree = "<group>"; };
		75A30EBF2BDACD9100B13F6E /* TaskListView.swift */ = {isa = PBXFileReference; fileEncoding = 4; lastKnownFileType = sourcecode.swift; path = TaskListView.swift; sourceTree = "<group>"; };
		75A30EC02BDACD9100B13F6E /* TaskView.swift */ = {isa = PBXFileReference; fileEncoding = 4; lastKnownFileType = sourcecode.swift; path = TaskView.swift; sourceTree = "<group>"; };
		75A30ECB2BDACD9700B13F6E /* LoopApp.swift */ = {isa = PBXFileReference; fileEncoding = 4; lastKnownFileType = sourcecode.swift; path = LoopApp.swift; sourceTree = "<group>"; };
		75A30ECD2BDACD9F00B13F6E /* MockData.swift */ = {isa = PBXFileReference; fileEncoding = 4; lastKnownFileType = sourcecode.swift; path = MockData.swift; sourceTree = "<group>"; };
		75A30ECF2BDACDB200B13F6E /* NotificationManager.swift */ = {isa = PBXFileReference; fileEncoding = 4; lastKnownFileType = sourcecode.swift; path = NotificationManager.swift; sourceTree = "<group>"; };
		75A30ED02BDACDB200B13F6E /* NavigationPathHandler.swift */ = {isa = PBXFileReference; fileEncoding = 4; lastKnownFileType = sourcecode.swift; path = NavigationPathHandler.swift; sourceTree = "<group>"; };
		75A30ED32BDACDC000B13F6E /* Enums.swift */ = {isa = PBXFileReference; fileEncoding = 4; lastKnownFileType = sourcecode.swift; path = Enums.swift; sourceTree = "<group>"; };
		75A30ED42BDACDC000B13F6E /* Group.swift */ = {isa = PBXFileReference; fileEncoding = 4; lastKnownFileType = sourcecode.swift; path = Group.swift; sourceTree = "<group>"; };
		75A30ED52BDACDC000B13F6E /* Loop.swift */ = {isa = PBXFileReference; fileEncoding = 4; lastKnownFileType = sourcecode.swift; path = Loop.swift; sourceTree = "<group>"; };
		75A30ED62BDACDC000B13F6E /* LoopData.swift */ = {isa = PBXFileReference; fileEncoding = 4; lastKnownFileType = sourcecode.swift; path = LoopData.swift; sourceTree = "<group>"; };
		75A30ED72BDACDC000B13F6E /* Measurement.swift */ = {isa = PBXFileReference; fileEncoding = 4; lastKnownFileType = sourcecode.swift; path = Measurement.swift; sourceTree = "<group>"; };
		75A30ED82BDACDC000B13F6E /* Tag.swift */ = {isa = PBXFileReference; fileEncoding = 4; lastKnownFileType = sourcecode.swift; path = Tag.swift; sourceTree = "<group>"; };
		75A30ED92BDACDC000B13F6E /* Task.swift */ = {isa = PBXFileReference; fileEncoding = 4; lastKnownFileType = sourcecode.swift; path = Task.swift; sourceTree = "<group>"; };
		75A30EE22BDB01A100B13F6E /* EditLoopView.swift */ = {isa = PBXFileReference; lastKnownFileType = sourcecode.swift; path = EditLoopView.swift; sourceTree = "<group>"; };
		75A30EE42BDB0D9300B13F6E /* EditMeasurementView.swift */ = {isa = PBXFileReference; lastKnownFileType = sourcecode.swift; path = EditMeasurementView.swift; sourceTree = "<group>"; };
/* End PBXFileReference section */

/* Begin PBXFrameworksBuildPhase section */
		75A30E852BDACD1800B13F6E /* Frameworks */ = {
			isa = PBXFrameworksBuildPhase;
			buildActionMask = 2147483647;
			files = (
			);
			runOnlyForDeploymentPostprocessing = 0;
		};
		75A30E972BDACD1900B13F6E /* Frameworks */ = {
			isa = PBXFrameworksBuildPhase;
			buildActionMask = 2147483647;
			files = (
			);
			runOnlyForDeploymentPostprocessing = 0;
		};
		75A30EA12BDACD1900B13F6E /* Frameworks */ = {
			isa = PBXFrameworksBuildPhase;
			buildActionMask = 2147483647;
			files = (
			);
			runOnlyForDeploymentPostprocessing = 0;
		};
/* End PBXFrameworksBuildPhase section */

/* Begin PBXGroup section */
		75A30E7F2BDACD1800B13F6E = {
			isa = PBXGroup;
			children = (
				75A30E8A2BDACD1800B13F6E /* Loop */,
				75A30E9D2BDACD1900B13F6E /* LoopTests */,
				75A30EA72BDACD1900B13F6E /* LoopUITests */,
				75A30E892BDACD1800B13F6E /* Products */,
			);
			sourceTree = "<group>";
		};
		75A30E892BDACD1800B13F6E /* Products */ = {
			isa = PBXGroup;
			children = (
				75A30E882BDACD1800B13F6E /* Loop.app */,
				75A30E9A2BDACD1900B13F6E /* LoopTests.xctest */,
				75A30EA42BDACD1900B13F6E /* LoopUITests.xctest */,
			);
			name = Products;
			sourceTree = "<group>";
		};
		75A30E8A2BDACD1800B13F6E /* Loop */ = {
			isa = PBXGroup;
			children = (
				75A30ECB2BDACD9700B13F6E /* LoopApp.swift */,
				75A30EC12BDACD9100B13F6E /* Views */,
				75A30EDA2BDACDC000B13F6E /* DataModel */,
				75A30ED02BDACDB200B13F6E /* NavigationPathHandler.swift */,
				75A30ECF2BDACDB200B13F6E /* NotificationManager.swift */,
				75A30ECD2BDACD9F00B13F6E /* MockData.swift */,
				75A30E912BDACD1900B13F6E /* Assets.xcassets */,
				75A30E932BDACD1900B13F6E /* Preview Content */,
			);
			path = Loop;
			sourceTree = "<group>";
		};
		75A30E932BDACD1900B13F6E /* Preview Content */ = {
			isa = PBXGroup;
			children = (
				75A30E942BDACD1900B13F6E /* Preview Assets.xcassets */,
			);
			path = "Preview Content";
			sourceTree = "<group>";
		};
		75A30E9D2BDACD1900B13F6E /* LoopTests */ = {
			isa = PBXGroup;
			children = (
				75A30E9E2BDACD1900B13F6E /* LoopTests.swift */,
			);
			path = LoopTests;
			sourceTree = "<group>";
		};
		75A30EA72BDACD1900B13F6E /* LoopUITests */ = {
			isa = PBXGroup;
			children = (
				75A30EA82BDACD1900B13F6E /* LoopUITests.swift */,
				75A30EAA2BDACD1900B13F6E /* LoopUITestsLaunchTests.swift */,
			);
			path = LoopUITests;
			sourceTree = "<group>";
		};
		75A30EBB2BDACD9100B13F6E /* Components */ = {
			isa = PBXGroup;
			children = (
				75A30EB72BDACD9100B13F6E /* AlertHandler.swift */,
				75A30EB82BDACD9100B13F6E /* EnumPicker.swift */,
				75A30EB92BDACD9100B13F6E /* LabeledTextEditor.swift */,
				75A30EBA2BDACD9100B13F6E /* LabeledTextField.swift */,
			);
			path = Components;
			sourceTree = "<group>";
		};
		75A30EC12BDACD9100B13F6E /* Views */ = {
			isa = PBXGroup;
			children = (
				75A30EBB2BDACD9100B13F6E /* Components */,
				75A30EBC2BDACD9100B13F6E /* ContentView.swift */,
				75A30EBE2BDACD9100B13F6E /* GroupGridView.swift */,
				75A30EBF2BDACD9100B13F6E /* TaskListView.swift */,
				75A30EC02BDACD9100B13F6E /* TaskView.swift */,
				75A30EBD2BDACD9100B13F6E /* EditTaskView.swift */,
				75A30EE22BDB01A100B13F6E /* EditLoopView.swift */,
				75A30EE42BDB0D9300B13F6E /* EditMeasurementView.swift */,
			);
			path = Views;
			sourceTree = "<group>";
		};
		75A30EDA2BDACDC000B13F6E /* DataModel */ = {
			isa = PBXGroup;
			children = (
				75A30ED42BDACDC000B13F6E /* Group.swift */,
				75A30ED92BDACDC000B13F6E /* Task.swift */,
				75A30ED52BDACDC000B13F6E /* Loop.swift */,
				75A30ED62BDACDC000B13F6E /* LoopData.swift */,
				75A30ED72BDACDC000B13F6E /* Measurement.swift */,
				75A30ED82BDACDC000B13F6E /* Tag.swift */,
				75A30ED32BDACDC000B13F6E /* Enums.swift */,
			);
			path = DataModel;
			sourceTree = "<group>";
		};
/* End PBXGroup section */

/* Begin PBXNativeTarget section */
		75A30E872BDACD1800B13F6E /* Loop */ = {
			isa = PBXNativeTarget;
			buildConfigurationList = 75A30EAE2BDACD1900B13F6E /* Build configuration list for PBXNativeTarget "Loop" */;
			buildPhases = (
				75A30E842BDACD1800B13F6E /* Sources */,
				75A30E852BDACD1800B13F6E /* Frameworks */,
				75A30E862BDACD1800B13F6E /* Resources */,
			);
			buildRules = (
			);
			dependencies = (
			);
			name = Loop;
			productName = Loop;
			productReference = 75A30E882BDACD1800B13F6E /* Loop.app */;
			productType = "com.apple.product-type.application";
		};
		75A30E992BDACD1900B13F6E /* LoopTests */ = {
			isa = PBXNativeTarget;
			buildConfigurationList = 75A30EB12BDACD1900B13F6E /* Build configuration list for PBXNativeTarget "LoopTests" */;
			buildPhases = (
				75A30E962BDACD1900B13F6E /* Sources */,
				75A30E972BDACD1900B13F6E /* Frameworks */,
				75A30E982BDACD1900B13F6E /* Resources */,
			);
			buildRules = (
			);
			dependencies = (
				75A30E9C2BDACD1900B13F6E /* PBXTargetDependency */,
			);
			name = LoopTests;
			productName = LoopTests;
			productReference = 75A30E9A2BDACD1900B13F6E /* LoopTests.xctest */;
			productType = "com.apple.product-type.bundle.unit-test";
		};
		75A30EA32BDACD1900B13F6E /* LoopUITests */ = {
			isa = PBXNativeTarget;
			buildConfigurationList = 75A30EB42BDACD1900B13F6E /* Build configuration list for PBXNativeTarget "LoopUITests" */;
			buildPhases = (
				75A30EA02BDACD1900B13F6E /* Sources */,
				75A30EA12BDACD1900B13F6E /* Frameworks */,
				75A30EA22BDACD1900B13F6E /* Resources */,
			);
			buildRules = (
			);
			dependencies = (
				75A30EA62BDACD1900B13F6E /* PBXTargetDependency */,
			);
			name = LoopUITests;
			productName = LoopUITests;
			productReference = 75A30EA42BDACD1900B13F6E /* LoopUITests.xctest */;
			productType = "com.apple.product-type.bundle.ui-testing";
		};
/* End PBXNativeTarget section */

/* Begin PBXProject section */
		75A30E802BDACD1800B13F6E /* Project object */ = {
			isa = PBXProject;
			attributes = {
				BuildIndependentTargetsInParallel = 1;
				LastSwiftUpdateCheck = 1530;
				LastUpgradeCheck = 1530;
				TargetAttributes = {
					75A30E872BDACD1800B13F6E = {
						CreatedOnToolsVersion = 15.3;
					};
					75A30E992BDACD1900B13F6E = {
						CreatedOnToolsVersion = 15.3;
						TestTargetID = 75A30E872BDACD1800B13F6E;
					};
					75A30EA32BDACD1900B13F6E = {
						CreatedOnToolsVersion = 15.3;
						TestTargetID = 75A30E872BDACD1800B13F6E;
					};
				};
			};
			buildConfigurationList = 75A30E832BDACD1800B13F6E /* Build configuration list for PBXProject "Loop" */;
			compatibilityVersion = "Xcode 14.0";
			developmentRegion = en;
			hasScannedForEncodings = 0;
			knownRegions = (
				en,
				Base,
			);
			mainGroup = 75A30E7F2BDACD1800B13F6E;
			productRefGroup = 75A30E892BDACD1800B13F6E /* Products */;
			projectDirPath = "";
			projectRoot = "";
			targets = (
				75A30E872BDACD1800B13F6E /* Loop */,
				75A30E992BDACD1900B13F6E /* LoopTests */,
				75A30EA32BDACD1900B13F6E /* LoopUITests */,
			);
		};
/* End PBXProject section */

/* Begin PBXResourcesBuildPhase section */
		75A30E862BDACD1800B13F6E /* Resources */ = {
			isa = PBXResourcesBuildPhase;
			buildActionMask = 2147483647;
			files = (
				75A30E952BDACD1900B13F6E /* Preview Assets.xcassets in Resources */,
				75A30E922BDACD1900B13F6E /* Assets.xcassets in Resources */,
			);
			runOnlyForDeploymentPostprocessing = 0;
		};
		75A30E982BDACD1900B13F6E /* Resources */ = {
			isa = PBXResourcesBuildPhase;
			buildActionMask = 2147483647;
			files = (
			);
			runOnlyForDeploymentPostprocessing = 0;
		};
		75A30EA22BDACD1900B13F6E /* Resources */ = {
			isa = PBXResourcesBuildPhase;
			buildActionMask = 2147483647;
			files = (
			);
			runOnlyForDeploymentPostprocessing = 0;
		};
/* End PBXResourcesBuildPhase section */

/* Begin PBXSourcesBuildPhase section */
		75A30E842BDACD1800B13F6E /* Sources */ = {
			isa = PBXSourcesBuildPhase;
			buildActionMask = 2147483647;
			files = (
				75A30ECA2BDACD9100B13F6E /* TaskView.swift in Sources */,
				75A30EC32BDACD9100B13F6E /* EnumPicker.swift in Sources */,
				75A30EE52BDB0D9300B13F6E /* EditMeasurementView.swift in Sources */,
				75A30EC62BDACD9100B13F6E /* ContentView.swift in Sources */,
				75A30EDC2BDACDC000B13F6E /* Group.swift in Sources */,
				75A30ECC2BDACD9700B13F6E /* LoopApp.swift in Sources */,
				75A30EDB2BDACDC000B13F6E /* Enums.swift in Sources */,
				75A30EC42BDACD9100B13F6E /* LabeledTextEditor.swift in Sources */,
				75A30EDE2BDACDC000B13F6E /* LoopData.swift in Sources */,
				75A30EC72BDACD9100B13F6E /* EditTaskView.swift in Sources */,
				75A30ED22BDACDB200B13F6E /* NavigationPathHandler.swift in Sources */,
				75A30ED12BDACDB200B13F6E /* NotificationManager.swift in Sources */,
				75A30EE02BDACDC000B13F6E /* Tag.swift in Sources */,
				75A30EE12BDACDC000B13F6E /* Task.swift in Sources */,
				75A30EC22BDACD9100B13F6E /* AlertHandler.swift in Sources */,
				75A30EC82BDACD9100B13F6E /* GroupGridView.swift in Sources */,
				75A30EC52BDACD9100B13F6E /* LabeledTextField.swift in Sources */,
				75A30EE32BDB01A100B13F6E /* EditLoopView.swift in Sources */,
				75A30EDF2BDACDC000B13F6E /* Measurement.swift in Sources */,
				75A30ECE2BDACD9F00B13F6E /* MockData.swift in Sources */,
				75A30EC92BDACD9100B13F6E /* TaskListView.swift in Sources */,
				75A30EDD2BDACDC000B13F6E /* Loop.swift in Sources */,
			);
			runOnlyForDeploymentPostprocessing = 0;
		};
		75A30E962BDACD1900B13F6E /* Sources */ = {
			isa = PBXSourcesBuildPhase;
			buildActionMask = 2147483647;
			files = (
				75A30E9F2BDACD1900B13F6E /* LoopTests.swift in Sources */,
			);
			runOnlyForDeploymentPostprocessing = 0;
		};
		75A30EA02BDACD1900B13F6E /* Sources */ = {
			isa = PBXSourcesBuildPhase;
			buildActionMask = 2147483647;
			files = (
				75A30EAB2BDACD1900B13F6E /* LoopUITestsLaunchTests.swift in Sources */,
				75A30EA92BDACD1900B13F6E /* LoopUITests.swift in Sources */,
			);
			runOnlyForDeploymentPostprocessing = 0;
		};
/* End PBXSourcesBuildPhase section */

/* Begin PBXTargetDependency section */
		75A30E9C2BDACD1900B13F6E /* PBXTargetDependency */ = {
			isa = PBXTargetDependency;
			target = 75A30E872BDACD1800B13F6E /* Loop */;
			targetProxy = 75A30E9B2BDACD1900B13F6E /* PBXContainerItemProxy */;
		};
		75A30EA62BDACD1900B13F6E /* PBXTargetDependency */ = {
			isa = PBXTargetDependency;
			target = 75A30E872BDACD1800B13F6E /* Loop */;
			targetProxy = 75A30EA52BDACD1900B13F6E /* PBXContainerItemProxy */;
		};
/* End PBXTargetDependency section */

/* Begin XCBuildConfiguration section */
		75A30EAC2BDACD1900B13F6E /* Debug */ = {
			isa = XCBuildConfiguration;
			buildSettings = {
				ALWAYS_SEARCH_USER_PATHS = NO;
				ASSETCATALOG_COMPILER_GENERATE_SWIFT_ASSET_SYMBOL_EXTENSIONS = YES;
				CLANG_ANALYZER_NONNULL = YES;
				CLANG_ANALYZER_NUMBER_OBJECT_CONVERSION = YES_AGGRESSIVE;
				CLANG_CXX_LANGUAGE_STANDARD = "gnu++20";
				CLANG_ENABLE_MODULES = YES;
				CLANG_ENABLE_OBJC_ARC = YES;
				CLANG_ENABLE_OBJC_WEAK = YES;
				CLANG_WARN_BLOCK_CAPTURE_AUTORELEASING = YES;
				CLANG_WARN_BOOL_CONVERSION = YES;
				CLANG_WARN_COMMA = YES;
				CLANG_WARN_CONSTANT_CONVERSION = YES;
				CLANG_WARN_DEPRECATED_OBJC_IMPLEMENTATIONS = YES;
				CLANG_WARN_DIRECT_OBJC_ISA_USAGE = YES_ERROR;
				CLANG_WARN_DOCUMENTATION_COMMENTS = YES;
				CLANG_WARN_EMPTY_BODY = YES;
				CLANG_WARN_ENUM_CONVERSION = YES;
				CLANG_WARN_INFINITE_RECURSION = YES;
				CLANG_WARN_INT_CONVERSION = YES;
				CLANG_WARN_NON_LITERAL_NULL_CONVERSION = YES;
				CLANG_WARN_OBJC_IMPLICIT_RETAIN_SELF = YES;
				CLANG_WARN_OBJC_LITERAL_CONVERSION = YES;
				CLANG_WARN_OBJC_ROOT_CLASS = YES_ERROR;
				CLANG_WARN_QUOTED_INCLUDE_IN_FRAMEWORK_HEADER = YES;
				CLANG_WARN_RANGE_LOOP_ANALYSIS = YES;
				CLANG_WARN_STRICT_PROTOTYPES = YES;
				CLANG_WARN_SUSPICIOUS_MOVE = YES;
				CLANG_WARN_UNGUARDED_AVAILABILITY = YES_AGGRESSIVE;
				CLANG_WARN_UNREACHABLE_CODE = YES;
				CLANG_WARN__DUPLICATE_METHOD_MATCH = YES;
				COPY_PHASE_STRIP = NO;
				DEBUG_INFORMATION_FORMAT = dwarf;
				ENABLE_STRICT_OBJC_MSGSEND = YES;
				ENABLE_TESTABILITY = YES;
				ENABLE_USER_SCRIPT_SANDBOXING = YES;
				GCC_C_LANGUAGE_STANDARD = gnu17;
				GCC_DYNAMIC_NO_PIC = NO;
				GCC_NO_COMMON_BLOCKS = YES;
				GCC_OPTIMIZATION_LEVEL = 0;
				GCC_PREPROCESSOR_DEFINITIONS = (
					"DEBUG=1",
					"$(inherited)",
				);
				GCC_WARN_64_TO_32_BIT_CONVERSION = YES;
				GCC_WARN_ABOUT_RETURN_TYPE = YES_ERROR;
				GCC_WARN_UNDECLARED_SELECTOR = YES;
				GCC_WARN_UNINITIALIZED_AUTOS = YES_AGGRESSIVE;
				GCC_WARN_UNUSED_FUNCTION = YES;
				GCC_WARN_UNUSED_VARIABLE = YES;
				IPHONEOS_DEPLOYMENT_TARGET = 17.4;
				LOCALIZATION_PREFERS_STRING_CATALOGS = YES;
				MTL_ENABLE_DEBUG_INFO = INCLUDE_SOURCE;
				MTL_FAST_MATH = YES;
				ONLY_ACTIVE_ARCH = YES;
				SDKROOT = iphoneos;
				SWIFT_ACTIVE_COMPILATION_CONDITIONS = "DEBUG $(inherited)";
				SWIFT_OPTIMIZATION_LEVEL = "-Onone";
			};
			name = Debug;
		};
		75A30EAD2BDACD1900B13F6E /* Release */ = {
			isa = XCBuildConfiguration;
			buildSettings = {
				ALWAYS_SEARCH_USER_PATHS = NO;
				ASSETCATALOG_COMPILER_GENERATE_SWIFT_ASSET_SYMBOL_EXTENSIONS = YES;
				CLANG_ANALYZER_NONNULL = YES;
				CLANG_ANALYZER_NUMBER_OBJECT_CONVERSION = YES_AGGRESSIVE;
				CLANG_CXX_LANGUAGE_STANDARD = "gnu++20";
				CLANG_ENABLE_MODULES = YES;
				CLANG_ENABLE_OBJC_ARC = YES;
				CLANG_ENABLE_OBJC_WEAK = YES;
				CLANG_WARN_BLOCK_CAPTURE_AUTORELEASING = YES;
				CLANG_WARN_BOOL_CONVERSION = YES;
				CLANG_WARN_COMMA = YES;
				CLANG_WARN_CONSTANT_CONVERSION = YES;
				CLANG_WARN_DEPRECATED_OBJC_IMPLEMENTATIONS = YES;
				CLANG_WARN_DIRECT_OBJC_ISA_USAGE = YES_ERROR;
				CLANG_WARN_DOCUMENTATION_COMMENTS = YES;
				CLANG_WARN_EMPTY_BODY = YES;
				CLANG_WARN_ENUM_CONVERSION = YES;
				CLANG_WARN_INFINITE_RECURSION = YES;
				CLANG_WARN_INT_CONVERSION = YES;
				CLANG_WARN_NON_LITERAL_NULL_CONVERSION = YES;
				CLANG_WARN_OBJC_IMPLICIT_RETAIN_SELF = YES;
				CLANG_WARN_OBJC_LITERAL_CONVERSION = YES;
				CLANG_WARN_OBJC_ROOT_CLASS = YES_ERROR;
				CLANG_WARN_QUOTED_INCLUDE_IN_FRAMEWORK_HEADER = YES;
				CLANG_WARN_RANGE_LOOP_ANALYSIS = YES;
				CLANG_WARN_STRICT_PROTOTYPES = YES;
				CLANG_WARN_SUSPICIOUS_MOVE = YES;
				CLANG_WARN_UNGUARDED_AVAILABILITY = YES_AGGRESSIVE;
				CLANG_WARN_UNREACHABLE_CODE = YES;
				CLANG_WARN__DUPLICATE_METHOD_MATCH = YES;
				COPY_PHASE_STRIP = NO;
				DEBUG_INFORMATION_FORMAT = "dwarf-with-dsym";
				ENABLE_NS_ASSERTIONS = NO;
				ENABLE_STRICT_OBJC_MSGSEND = YES;
				ENABLE_USER_SCRIPT_SANDBOXING = YES;
				GCC_C_LANGUAGE_STANDARD = gnu17;
				GCC_NO_COMMON_BLOCKS = YES;
				GCC_WARN_64_TO_32_BIT_CONVERSION = YES;
				GCC_WARN_ABOUT_RETURN_TYPE = YES_ERROR;
				GCC_WARN_UNDECLARED_SELECTOR = YES;
				GCC_WARN_UNINITIALIZED_AUTOS = YES_AGGRESSIVE;
				GCC_WARN_UNUSED_FUNCTION = YES;
				GCC_WARN_UNUSED_VARIABLE = YES;
				IPHONEOS_DEPLOYMENT_TARGET = 17.4;
				LOCALIZATION_PREFERS_STRING_CATALOGS = YES;
				MTL_ENABLE_DEBUG_INFO = NO;
				MTL_FAST_MATH = YES;
				SDKROOT = iphoneos;
				SWIFT_COMPILATION_MODE = wholemodule;
				VALIDATE_PRODUCT = YES;
			};
			name = Release;
		};
		75A30EAF2BDACD1900B13F6E /* Debug */ = {
			isa = XCBuildConfiguration;
			buildSettings = {
				ASSETCATALOG_COMPILER_APPICON_NAME = AppIcon;
				ASSETCATALOG_COMPILER_GLOBAL_ACCENT_COLOR_NAME = AccentColor;
				CODE_SIGN_STYLE = Automatic;
				CURRENT_PROJECT_VERSION = 1;
				DEVELOPMENT_ASSET_PATHS = "\"Loop/Preview Content\"";
				DEVELOPMENT_TEAM = FHTY7F7T9A;
				ENABLE_PREVIEWS = YES;
				GENERATE_INFOPLIST_FILE = YES;
				INFOPLIST_KEY_UIApplicationSceneManifest_Generation = YES;
				INFOPLIST_KEY_UIApplicationSupportsIndirectInputEvents = YES;
				INFOPLIST_KEY_UILaunchScreen_Generation = YES;
				INFOPLIST_KEY_UISupportedInterfaceOrientations_iPad = "UIInterfaceOrientationPortrait UIInterfaceOrientationPortraitUpsideDown UIInterfaceOrientationLandscapeLeft UIInterfaceOrientationLandscapeRight";
				INFOPLIST_KEY_UISupportedInterfaceOrientations_iPhone = "UIInterfaceOrientationPortrait UIInterfaceOrientationLandscapeLeft UIInterfaceOrientationLandscapeRight";
				LD_RUNPATH_SEARCH_PATHS = (
					"$(inherited)",
					"@executable_path/Frameworks",
				);
				MARKETING_VERSION = 1.0;
				PRODUCT_BUNDLE_IDENTIFIER = dev.aloysiotk.Loop;
				PRODUCT_NAME = "$(TARGET_NAME)";
				SWIFT_EMIT_LOC_STRINGS = YES;
				SWIFT_VERSION = 5.0;
				TARGETED_DEVICE_FAMILY = "1,2";
			};
			name = Debug;
		};
		75A30EB02BDACD1900B13F6E /* Release */ = {
			isa = XCBuildConfiguration;
			buildSettings = {
				ASSETCATALOG_COMPILER_APPICON_NAME = AppIcon;
				ASSETCATALOG_COMPILER_GLOBAL_ACCENT_COLOR_NAME = AccentColor;
				CODE_SIGN_STYLE = Automatic;
				CURRENT_PROJECT_VERSION = 1;
				DEVELOPMENT_ASSET_PATHS = "\"Loop/Preview Content\"";
				DEVELOPMENT_TEAM = FHTY7F7T9A;
				ENABLE_PREVIEWS = YES;
				GENERATE_INFOPLIST_FILE = YES;
				INFOPLIST_KEY_UIApplicationSceneManifest_Generation = YES;
				INFOPLIST_KEY_UIApplicationSupportsIndirectInputEvents = YES;
				INFOPLIST_KEY_UILaunchScreen_Generation = YES;
				INFOPLIST_KEY_UISupportedInterfaceOrientations_iPad = "UIInterfaceOrientationPortrait UIInterfaceOrientationPortraitUpsideDown UIInterfaceOrientationLandscapeLeft UIInterfaceOrientationLandscapeRight";
				INFOPLIST_KEY_UISupportedInterfaceOrientations_iPhone = "UIInterfaceOrientationPortrait UIInterfaceOrientationLandscapeLeft UIInterfaceOrientationLandscapeRight";
				LD_RUNPATH_SEARCH_PATHS = (
					"$(inherited)",
					"@executable_path/Frameworks",
				);
				MARKETING_VERSION = 1.0;
				PRODUCT_BUNDLE_IDENTIFIER = dev.aloysiotk.Loop;
				PRODUCT_NAME = "$(TARGET_NAME)";
				SWIFT_EMIT_LOC_STRINGS = YES;
				SWIFT_VERSION = 5.0;
				TARGETED_DEVICE_FAMILY = "1,2";
			};
			name = Release;
		};
		75A30EB22BDACD1900B13F6E /* Debug */ = {
			isa = XCBuildConfiguration;
			buildSettings = {
				ALWAYS_EMBED_SWIFT_STANDARD_LIBRARIES = YES;
				BUNDLE_LOADER = "$(TEST_HOST)";
				CODE_SIGN_STYLE = Automatic;
				CURRENT_PROJECT_VERSION = 1;
				DEVELOPMENT_TEAM = FHTY7F7T9A;
				GENERATE_INFOPLIST_FILE = YES;
				IPHONEOS_DEPLOYMENT_TARGET = 17.4;
				MARKETING_VERSION = 1.0;
				PRODUCT_BUNDLE_IDENTIFIER = dev.aloysiotk.LoopTests;
				PRODUCT_NAME = "$(TARGET_NAME)";
				SWIFT_EMIT_LOC_STRINGS = NO;
				SWIFT_VERSION = 5.0;
				TARGETED_DEVICE_FAMILY = "1,2";
				TEST_HOST = "$(BUILT_PRODUCTS_DIR)/Loop.app/$(BUNDLE_EXECUTABLE_FOLDER_PATH)/Loop";
			};
			name = Debug;
		};
		75A30EB32BDACD1900B13F6E /* Release */ = {
			isa = XCBuildConfiguration;
			buildSettings = {
				ALWAYS_EMBED_SWIFT_STANDARD_LIBRARIES = YES;
				BUNDLE_LOADER = "$(TEST_HOST)";
				CODE_SIGN_STYLE = Automatic;
				CURRENT_PROJECT_VERSION = 1;
				DEVELOPMENT_TEAM = FHTY7F7T9A;
				GENERATE_INFOPLIST_FILE = YES;
				IPHONEOS_DEPLOYMENT_TARGET = 17.4;
				MARKETING_VERSION = 1.0;
				PRODUCT_BUNDLE_IDENTIFIER = dev.aloysiotk.LoopTests;
				PRODUCT_NAME = "$(TARGET_NAME)";
				SWIFT_EMIT_LOC_STRINGS = NO;
				SWIFT_VERSION = 5.0;
				TARGETED_DEVICE_FAMILY = "1,2";
				TEST_HOST = "$(BUILT_PRODUCTS_DIR)/Loop.app/$(BUNDLE_EXECUTABLE_FOLDER_PATH)/Loop";
			};
			name = Release;
		};
		75A30EB52BDACD1900B13F6E /* Debug */ = {
			isa = XCBuildConfiguration;
			buildSettings = {
				ALWAYS_EMBED_SWIFT_STANDARD_LIBRARIES = YES;
				CODE_SIGN_STYLE = Automatic;
				CURRENT_PROJECT_VERSION = 1;
				DEVELOPMENT_TEAM = FHTY7F7T9A;
				GENERATE_INFOPLIST_FILE = YES;
				MARKETING_VERSION = 1.0;
				PRODUCT_BUNDLE_IDENTIFIER = dev.aloysiotk.LoopUITests;
				PRODUCT_NAME = "$(TARGET_NAME)";
				SWIFT_EMIT_LOC_STRINGS = NO;
				SWIFT_VERSION = 5.0;
				TARGETED_DEVICE_FAMILY = "1,2";
				TEST_TARGET_NAME = Loop;
			};
			name = Debug;
		};
		75A30EB62BDACD1900B13F6E /* Release */ = {
			isa = XCBuildConfiguration;
			buildSettings = {
				ALWAYS_EMBED_SWIFT_STANDARD_LIBRARIES = YES;
				CODE_SIGN_STYLE = Automatic;
				CURRENT_PROJECT_VERSION = 1;
				DEVELOPMENT_TEAM = FHTY7F7T9A;
				GENERATE_INFOPLIST_FILE = YES;
				MARKETING_VERSION = 1.0;
				PRODUCT_BUNDLE_IDENTIFIER = dev.aloysiotk.LoopUITests;
				PRODUCT_NAME = "$(TARGET_NAME)";
				SWIFT_EMIT_LOC_STRINGS = NO;
				SWIFT_VERSION = 5.0;
				TARGETED_DEVICE_FAMILY = "1,2";
				TEST_TARGET_NAME = Loop;
			};
			name = Release;
		};
/* End XCBuildConfiguration section */

/* Begin XCConfigurationList section */
		75A30E832BDACD1800B13F6E /* Build configuration list for PBXProject "Loop" */ = {
			isa = XCConfigurationList;
			buildConfigurations = (
				75A30EAC2BDACD1900B13F6E /* Debug */,
				75A30EAD2BDACD1900B13F6E /* Release */,
			);
			defaultConfigurationIsVisible = 0;
			defaultConfigurationName = Release;
		};
		75A30EAE2BDACD1900B13F6E /* Build configuration list for PBXNativeTarget "Loop" */ = {
			isa = XCConfigurationList;
			buildConfigurations = (
				75A30EAF2BDACD1900B13F6E /* Debug */,
				75A30EB02BDACD1900B13F6E /* Release */,
			);
			defaultConfigurationIsVisible = 0;
			defaultConfigurationName = Release;
		};
		75A30EB12BDACD1900B13F6E /* Build configuration list for PBXNativeTarget "LoopTests" */ = {
			isa = XCConfigurationList;
			buildConfigurations = (
				75A30EB22BDACD1900B13F6E /* Debug */,
				75A30EB32BDACD1900B13F6E /* Release */,
			);
			defaultConfigurationIsVisible = 0;
			defaultConfigurationName = Release;
		};
		75A30EB42BDACD1900B13F6E /* Build configuration list for PBXNativeTarget "LoopUITests" */ = {
			isa = XCConfigurationList;
			buildConfigurations = (
				75A30EB52BDACD1900B13F6E /* Debug */,
				75A30EB62BDACD1900B13F6E /* Release */,
			);
			defaultConfigurationIsVisible = 0;
			defaultConfigurationName = Release;
		};
/* End XCConfigurationList section */
	};
	rootObject = 75A30E802BDACD1800B13F6E /* Project object */;
}
